# THIS IS AN AUTOGENERATED FILE. DO NOT EDIT THIS FILE DIRECTLY.
# yarn lockfile v1


"@types/semver-compare@^1.0.1":
  version "1.0.1"
  resolved "https://registry.yarnpkg.com/@types/semver-compare/-/semver-compare-1.0.1.tgz#17d1dc62c516c133ab01efb7803a537ee6eaf3d5"
  integrity sha512-wx2LQVvKlEkhXp/HoKIZ/aSL+TvfJdKco8i0xJS3aR877mg4qBHzNT6+B5a61vewZHo79EdZavskGnRXEC2H6A==

semver-compare@^1.0.0:
  version "1.0.0"
  resolved "https://registry.yarnpkg.com/semver-compare/-/semver-compare-1.0.0.tgz#0dee216a1c941ab37e9efb1788f6afc5ff5537fc"
  integrity sha1-De4hahyUGrN+nvsXiPavxf9VN/w=
